
Microsoft Visual Studio Solution File, Format Version 12.00
# Visual Studio 14
VisualStudioVersion = 14.0.25420.1
MinimumVisualStudioVersion = 10.0.40219.1
Project("{FAE04EC0-301F-11D3-BF4B-00C04F79EFBC}") = "CodeInBag", "CodeInBag\CodeInBag.csproj", "{8766F58C-251E-4CE9-B022-F348E4E9D40C}"
EndProject
Project("{2150E333-8FDC-42A3-9474-1A3956D46DE8}") = "Solution Items", "Solution Items", "{E25E6B92-A08A-4412-9D7C-AC2B584B36A5}"
	ProjectSection(SolutionItems) = preProject
		CHANGELOG.md = CHANGELOG.md
	EndProjectSection
EndProject
Global
	GlobalSection(SolutionConfigurationPlatforms) = preSolution
		Debug|Any CPU = Debug|Any CPU
		Release|Any CPU = Release|Any CPU
	EndGlobalSection
	GlobalSection(ProjectConfigurationPlatforms) = postSolution
		{8766F58C-251E-4CE9-B022-F348E4E9D40C}.Debug|Any CPU.ActiveCfg = Debug|Any CPU
		{8766F58C-251E-4CE9-B022-F348E4E9D40C}.Debug|Any CPU.Build.0 = Debug|Any CPU
		{8766F58C-251E-4CE9-B022-F348E4E9D40C}.Release|Any CPU.ActiveCfg = Release|Any CPU
		{8766F58C-251E-4CE9-B022-F348E4E9D40C}.Release|Any CPU.Build.0 = Release|Any CPU
	EndGlobalSection
	GlobalSection(SolutionProperties) = preSolution
		HideSolutionNode = FALSE
	EndGlobalSection
EndGlobal
